
Microsoft Visual Studio Solution File, Format Version 12.00
# Visual Studio Version 17
VisualStudioVersion = 17.14.36221.1
MinimumVisualStudioVersion = 10.0.40219.1
Project("{FAE04EC0-301F-11D3-BF4B-00C04F79EFBC}") = "CafeApi.WebApi", "CafeApi.WebApi\CafeApi.WebApi.csproj", "{87738C55-9534-434A-B8EA-F16AEDD664B4}"
EndProject
Project("{FAE04EC0-301F-11D3-BF4B-00C04F79EFBC}") = "CafeApi.WebUI", "CafeApi.WebUI\CafeApi.WebUI.csproj", "{74C56F49-B1F6-49A5-B2DA-DAC72C0C50A3}"
EndProject
Global
	GlobalSection(SolutionConfigurationPlatforms) = preSolution
		Debug|Any CPU = Debug|Any CPU
		Release|Any CPU = Release|Any CPU
	EndGlobalSection
	GlobalSection(ProjectConfigurationPlatforms) = postSolution
		{87738C55-9534-434A-B8EA-F16AEDD664B4}.Debug|Any CPU.ActiveCfg = Debug|Any CPU
		{87738C55-9534-434A-B8EA-F16AEDD664B4}.Debug|Any CPU.Build.0 = Debug|Any CPU
		{87738C55-9534-434A-B8EA-F16AEDD664B4}.Release|Any CPU.ActiveCfg = Release|Any CPU
		{87738C55-9534-434A-B8EA-F16AEDD664B4}.Release|Any CPU.Build.0 = Release|Any CPU
		{74C56F49-B1F6-49A5-B2DA-DAC72C0C50A3}.Debug|Any CPU.ActiveCfg = Debug|Any CPU
		{74C56F49-B1F6-49A5-B2DA-DAC72C0C50A3}.Debug|Any CPU.Build.0 = Debug|Any CPU
		{74C56F49-B1F6-49A5-B2DA-DAC72C0C50A3}.Release|Any CPU.ActiveCfg = Release|Any CPU
		{74C56F49-B1F6-49A5-B2DA-DAC72C0C50A3}.Release|Any CPU.Build.0 = Release|Any CPU
	EndGlobalSection
	GlobalSection(SolutionProperties) = preSolution
		HideSolutionNode = FALSE
	EndGlobalSection
	GlobalSection(ExtensibilityGlobals) = postSolution
		SolutionGuid = {C172A849-EB69-405D-939F-CB300710AD24}
	EndGlobalSection
EndGlobal
